
Microsoft Visual Studio Solution File, Format Version 12.00
# Visual Studio 2012
Project("{FAE04EC0-301F-11D3-BF4B-00C04F79EFBC}") = "testdrive", "testdrive\testdrive.csproj", "{D1179F3D-B0F2-46C5-84B9-07C2034F43F5}"
EndProject
Project("{FAE04EC0-301F-11D3-BF4B-00C04F79EFBC}") = "UnitTest", "UnitTest\UnitTest.csproj", "{CD421497-5377-45C5-A141-C4E4C657F014}"
	ProjectSection(ProjectDependencies) = postProject
		{D1179F3D-B0F2-46C5-84B9-07C2034F43F5} = {D1179F3D-B0F2-46C5-84B9-07C2034F43F5}
	EndProjectSection
EndProject
Global
	GlobalSection(SolutionConfigurationPlatforms) = preSolution
		Debug|Any CPU = Debug|Any CPU
		Release|Any CPU = Release|Any CPU
	EndGlobalSection
	GlobalSection(ProjectConfigurationPlatforms) = postSolution
		{D1179F3D-B0F2-46C5-84B9-07C2034F43F5}.Debug|Any CPU.ActiveCfg = Debug|Any CPU
		{D1179F3D-B0F2-46C5-84B9-07C2034F43F5}.Debug|Any CPU.Build.0 = Debug|Any CPU
		{D1179F3D-B0F2-46C5-84B9-07C2034F43F5}.Release|Any CPU.ActiveCfg = Release|Any CPU
		{D1179F3D-B0F2-46C5-84B9-07C2034F43F5}.Release|Any CPU.Build.0 = Release|Any CPU
		{CD421497-5377-45C5-A141-C4E4C657F014}.Debug|Any CPU.ActiveCfg = Debug|Any CPU
		{CD421497-5377-45C5-A141-C4E4C657F014}.Debug|Any CPU.Build.0 = Debug|Any CPU
		{CD421497-5377-45C5-A141-C4E4C657F014}.Release|Any CPU.ActiveCfg = Release|Any CPU
		{CD421497-5377-45C5-A141-C4E4C657F014}.Release|Any CPU.Build.0 = Release|Any CPU
	EndGlobalSection
	GlobalSection(SolutionProperties) = preSolution
		HideSolutionNode = FALSE
	EndGlobalSection
EndGlobal
